// !$*UTF8*$!
{
	archiveVersion = 1;
	classes = {
	};
	objectVersion = 46;
	objects = {

/* Begin PBXBuildFile section */
		69F1D46FDE4BC5DBEF29E959 /* Pods_Tumblr.framework in Frameworks */ = {isa = PBXBuildFile; fileRef = E009F4D43BB42BE2F0D0E470 /* Pods_Tumblr.framework */; };
		E43970D51E8F028F00819F42 /* PhotoDetailsViewController.swift in Sources */ = {isa = PBXBuildFile; fileRef = E43970D41E8F028F00819F42 /* PhotoDetailsViewController.swift */; };
		E43EA5241E8CA16C00E2F8C5 /* AppDelegate.swift in Sources */ = {isa = PBXBuildFile; fileRef = E43EA5231E8CA16C00E2F8C5 /* AppDelegate.swift */; };
		E43EA5291E8CA16C00E2F8C5 /* Main.storyboard in Resources */ = {isa = PBXBuildFile; fileRef = E43EA5271E8CA16C00E2F8C5 /* Main.storyboard */; };
		E43EA52B1E8CA16C00E2F8C5 /* Assets.xcassets in Resources */ = {isa = PBXBuildFile; fileRef = E43EA52A1E8CA16C00E2F8C5 /* Assets.xcassets */; };
		E43EA52E1E8CA16C00E2F8C5 /* LaunchScreen.storyboard in Resources */ = {isa = PBXBuildFile; fileRef = E43EA52C1E8CA16C00E2F8C5 /* LaunchScreen.storyboard */; };
		E43EA5361E8CA69000E2F8C5 /* PhotosViewController.swift in Sources */ = {isa = PBXBuildFile; fileRef = E43EA5351E8CA69000E2F8C5 /* PhotosViewController.swift */; };
		E43EA5381E8CB72800E2F8C5 /* PhotoCellTableViewCell.swift in Sources */ = {isa = PBXBuildFile; fileRef = E43EA5371E8CB72800E2F8C5 /* PhotoCellTableViewCell.swift */; };
/* End PBXBuildFile section */

/* Begin PBXFileReference section */
		010B2DB67AB41FBE268ADA6F /* Pods-Tumblr.debug.xcconfig */ = {isa = PBXFileReference; includeInIndex = 1; lastKnownFileType = text.xcconfig; name = "Pods-Tumblr.debug.xcconfig"; path = "Pods/Target Support Files/Pods-Tumblr/Pods-Tumblr.debug.xcconfig"; sourceTree = "<group>"; };
		BE8557B3F42EAEF0C34B4519 /* Pods-Tumblr.release.xcconfig */ = {isa = PBXFileReference; includeInIndex = 1; lastKnownFileType = text.xcconfig; name = "Pods-Tumblr.release.xcconfig"; path = "Pods/Target Support Files/Pods-Tumblr/Pods-Tumblr.release.xcconfig"; sourceTree = "<group>"; };
		E009F4D43BB42BE2F0D0E470 /* Pods_Tumblr.framework */ = {isa = PBXFileReference; explicitFileType = wrapper.framework; includeInIndex = 0; path = Pods_Tumblr.framework; sourceTree = BUILT_PRODUCTS_DIR; };
		E43970D41E8F028F00819F42 /* PhotoDetailsViewController.swift */ = {isa = PBXFileReference; fileEncoding = 4; lastKnownFileType = sourcecode.swift; path = PhotoDetailsViewController.swift; sourceTree = "<group>"; };
		E43EA5201E8CA16C00E2F8C5 /* Tumblr.app */ = {isa = PBXFileReference; explicitFileType = wrapper.application; includeInIndex = 0; path = Tumblr.app; sourceTree = BUILT_PRODUCTS_DIR; };
		E43EA5231E8CA16C00E2F8C5 /* AppDelegate.swift */ = {isa = PBXFileReference; lastKnownFileType = sourcecode.swift; path = AppDelegate.swift; sourceTree = "<group>"; };
		E43EA5281E8CA16C00E2F8C5 /* Base */ = {isa = PBXFileReference; lastKnownFileType = file.storyboard; name = Base; path = Base.lproj/Main.storyboard; sourceTree = "<group>"; };
		E43EA52A1E8CA16C00E2F8C5 /* Assets.xcassets */ = {isa = PBXFileReference; lastKnownFileType = folder.assetcatalog; path = Assets.xcassets; sourceTree = "<group>"; };
		E43EA52D1E8CA16C00E2F8C5 /* Base */ = {isa = PBXFileReference; lastKnownFileType = file.storyboard; name = Base; path = Base.lproj/LaunchScreen.storyboard; sourceTree = "<group>"; };
		E43EA52F1E8CA16C00E2F8C5 /* Info.plist */ = {isa = PBXFileReference; lastKnownFileType = text.plist.xml; path = Info.plist; sourceTree = "<group>"; };
		E43EA5351E8CA69000E2F8C5 /* PhotosViewController.swift */ = {isa = PBXFileReference; fileEncoding = 4; lastKnownFileType = sourcecode.swift; path = PhotosViewController.swift; sourceTree = "<group>"; };
		E43EA5371E8CB72800E2F8C5 /* PhotoCellTableViewCell.swift */ = {isa = PBXFileReference; fileEncoding = 4; lastKnownFileType = sourcecode.swift; path = PhotoCellTableViewCell.swift; sourceTree = "<group>"; };
/* End PBXFileReference section */

/* Begin PBXFrameworksBuildPhase section */
		E43EA51D1E8CA16C00E2F8C5 /* Frameworks */ = {
			isa = PBXFrameworksBuildPhase;
			buildActionMask = 2147483647;
			files = (
				69F1D46FDE4BC5DBEF29E959 /* Pods_Tumblr.framework in Frameworks */,
			);
			runOnlyForDeploymentPostprocessing = 0;
		};
/* End PBXFrameworksBuildPhase section */

/* Begin PBXGroup section */
		49ED1112F29F8CE653BEC696 /* Pods */ = {
			isa = PBXGroup;
			children = (
				010B2DB67AB41FBE268ADA6F /* Pods-Tumblr.debug.xcconfig */,
				BE8557B3F42EAEF0C34B4519 /* Pods-Tumblr.release.xcconfig */,
			);
			name = Pods;
			sourceTree = "<group>";
		};
		B2B51A46874D268A924A2A63 /* Frameworks */ = {
			isa = PBXGroup;
			children = (
				E009F4D43BB42BE2F0D0E470 /* Pods_Tumblr.framework */,
			);
			name = Frameworks;
			sourceTree = "<group>";
		};
		E43EA5171E8CA16C00E2F8C5 = {
			isa = PBXGroup;
			children = (
				E43EA5221E8CA16C00E2F8C5 /* Tumblr */,
				E43EA5211E8CA16C00E2F8C5 /* Products */,
				49ED1112F29F8CE653BEC696 /* Pods */,
				B2B51A46874D268A924A2A63 /* Frameworks */,
			);
			sourceTree = "<group>";
		};
		E43EA5211E8CA16C00E2F8C5 /* Products */ = {
			isa = PBXGroup;
			children = (
				E43EA5201E8CA16C00E2F8C5 /* Tumblr.app */,
			);
			name = Products;
			sourceTree = "<group>";
		};
		E43EA5221E8CA16C00E2F8C5 /* Tumblr */ = {
			isa = PBXGroup;
			children = (
				E43EA5231E8CA16C00E2F8C5 /* AppDelegate.swift */,
				E43EA5271E8CA16C00E2F8C5 /* Main.storyboard */,
				E43EA52A1E8CA16C00E2F8C5 /* Assets.xcassets */,
				E43EA52C1E8CA16C00E2F8C5 /* LaunchScreen.storyboard */,
				E43EA52F1E8CA16C00E2F8C5 /* Info.plist */,
				E43EA5351E8CA69000E2F8C5 /* PhotosViewController.swift */,
				E43EA5371E8CB72800E2F8C5 /* PhotoCellTableViewCell.swift */,
				E43970D41E8F028F00819F42 /* PhotoDetailsViewController.swift */,
			);
			path = Tumblr;
			sourceTree = "<group>";
		};
/* End PBXGroup section */

/* Begin PBXNativeTarget section */
		E43EA51F1E8CA16C00E2F8C5 /* Tumblr */ = {
			isa = PBXNativeTarget;
			buildConfigurationList = E43EA5321E8CA16C00E2F8C5 /* Build configuration list for PBXNativeTarget "Tumblr" */;
			buildPhases = (
				D96930C1493ABD55463449EF /* [CP] Check Pods Manifest.lock */,
				E43EA51C1E8CA16C00E2F8C5 /* Sources */,
				E43EA51D1E8CA16C00E2F8C5 /* Frameworks */,
				E43EA51E1E8CA16C00E2F8C5 /* Resources */,
				E9929BE1E44DCDDDD0E56485 /* [CP] Embed Pods Frameworks */,
				154FA81B1BD2FCFAC6E02CC1 /* [CP] Copy Pods Resources */,
			);
			buildRules = (
			);
			dependencies = (
			);
			name = Tumblr;
			productName = Tumblr;
			productReference = E43EA5201E8CA16C00E2F8C5 /* Tumblr.app */;
			productType = "com.apple.product-type.application";
		};
/* End PBXNativeTarget section */

/* Begin PBXProject section */
		E43EA5181E8CA16C00E2F8C5 /* Project object */ = {
			isa = PBXProject;
			attributes = {
				LastSwiftUpdateCheck = 0800;
				LastUpgradeCheck = 0800;
				ORGANIZATIONNAME = "Pari, Nithya";
				TargetAttributes = {
					E43EA51F1E8CA16C00E2F8C5 = {
						CreatedOnToolsVersion = 8.0;
						DevelopmentTeam = 48HK3M9PGT;
						ProvisioningStyle = Automatic;
					};
				};
			};
			buildConfigurationList = E43EA51B1E8CA16C00E2F8C5 /* Build configuration list for PBXProject "Tumblr" */;
			compatibilityVersion = "Xcode 3.2";
			developmentRegion = English;
			hasScannedForEncodings = 0;
			knownRegions = (
				en,
				Base,
			);
			mainGroup = E43EA5171E8CA16C00E2F8C5;
			productRefGroup = E43EA5211E8CA16C00E2F8C5 /* Products */;
			projectDirPath = "";
			projectRoot = "";
			targets = (
				E43EA51F1E8CA16C00E2F8C5 /* Tumblr */,
			);
		};
/* End PBXProject section */

/* Begin PBXResourcesBuildPhase section */
		E43EA51E1E8CA16C00E2F8C5 /* Resources */ = {
			isa = PBXResourcesBuildPhase;
			buildActionMask = 2147483647;
			files = (
				E43EA52E1E8CA16C00E2F8C5 /* LaunchScreen.storyboard in Resources */,
				E43EA52B1E8CA16C00E2F8C5 /* Assets.xcassets in Resources */,
				E43EA5291E8CA16C00E2F8C5 /* Main.storyboard in Resources */,
			);
			runOnlyForDeploymentPostprocessing = 0;
		};
/* End PBXResourcesBuildPhase section */

/* Begin PBXShellScriptBuildPhase section */
		154FA81B1BD2FCFAC6E02CC1 /* [CP] Copy Pods Resources */ = {
			isa = PBXShellScriptBuildPhase;
			buildActionMask = 2147483647;
			files = (
			);
			inputPaths = (
			);
			name = "[CP] Copy Pods Resources";
			outputPaths = (
			);
			runOnlyForDeploymentPostprocessing = 0;
			shellPath = /bin/sh;
			shellScript = "\"${SRCROOT}/Pods/Target Support Files/Pods-Tumblr/Pods-Tumblr-resources.sh\"\n";
			showEnvVarsInLog = 0;
		};
		D96930C1493ABD55463449EF /* [CP] Check Pods Manifest.lock */ = {
			isa = PBXShellScriptBuildPhase;
			buildActionMask = 2147483647;
			files = (
			);
			inputPaths = (
			);
			name = "[CP] Check Pods Manifest.lock";
			outputPaths = (
			);
			runOnlyForDeploymentPostprocessing = 0;
			shellPath = /bin/sh;
			shellScript = "diff \"${PODS_ROOT}/../Podfile.lock\" \"${PODS_ROOT}/Manifest.lock\" > /dev/null\nif [ $? != 0 ] ; then\n    # print error to STDERR\n    echo \"error: The sandbox is not in sync with the Podfile.lock. Run 'pod install' or update your CocoaPods installation.\" >&2\n    exit 1\nfi\n";
			showEnvVarsInLog = 0;
		};
		E9929BE1E44DCDDDD0E56485 /* [CP] Embed Pods Frameworks */ = {
			isa = PBXShellScriptBuildPhase;
			buildActionMask = 2147483647;
			files = (
			);
			inputPaths = (
			);
			name = "[CP] Embed Pods Frameworks";
			outputPaths = (
			);
			runOnlyForDeploymentPostprocessing = 0;
			shellPath = /bin/sh;
			shellScript = "\"${SRCROOT}/Pods/Target Support Files/Pods-Tumblr/Pods-Tumblr-frameworks.sh\"\n";
			showEnvVarsInLog = 0;
		};
/* End PBXShellScriptBuildPhase section */

/* Begin PBXSourcesBuildPhase section */
		E43EA51C1E8CA16C00E2F8C5 /* Sources */ = {
			isa = PBXSourcesBuildPhase;
			buildActionMask = 2147483647;
			files = (
				E43970D51E8F028F00819F42 /* PhotoDetailsViewController.swift in Sources */,
				E43EA5241E8CA16C00E2F8C5 /* AppDelegate.swift in Sources */,
				E43EA5381E8CB72800E2F8C5 /* PhotoCellTableViewCell.swift in Sources */,
				E43EA5361E8CA69000E2F8C5 /* PhotosViewController.swift in Sources */,
			);
			runOnlyForDeploymentPostprocessing = 0;
		};
/* End PBXSourcesBuildPhase section */

/* Begin PBXVariantGroup section */
		E43EA5271E8CA16C00E2F8C5 /* Main.storyboard */ = {
			isa = PBXVariantGroup;
			children = (
				E43EA5281E8CA16C00E2F8C5 /* Base */,
			);
			name = Main.storyboard;
			sourceTree = "<group>";
		};
		E43EA52C1E8CA16C00E2F8C5 /* LaunchScreen.storyboard */ = {
			isa = PBXVariantGroup;
			children = (
				E43EA52D1E8CA16C00E2F8C5 /* Base */,
			);
			name = LaunchScreen.storyboard;
			sourceTree = "<group>";
		};
/* End PBXVariantGroup section */

/* Begin XCBuildConfiguration section */
		E43EA5301E8CA16C00E2F8C5 /* Debug */ = {
			isa = XCBuildConfiguration;
			buildSettings = {
				ALWAYS_SEARCH_USER_PATHS = NO;
				CLANG_ANALYZER_NONNULL = YES;
				CLANG_CXX_LANGUAGE_STANDARD = "gnu++0x";
				CLANG_CXX_LIBRARY = "libc++";
				CLANG_ENABLE_MODULES = YES;
				CLANG_ENABLE_OBJC_ARC = YES;
				CLANG_WARN_BOOL_CONVERSION = YES;
				CLANG_WARN_CONSTANT_CONVERSION = YES;
				CLANG_WARN_DIRECT_OBJC_ISA_USAGE = YES_ERROR;
				CLANG_WARN_DOCUMENTATION_COMMENTS = YES;
				CLANG_WARN_EMPTY_BODY = YES;
				CLANG_WARN_ENUM_CONVERSION = YES;
				CLANG_WARN_INFINITE_RECURSION = YES;
				CLANG_WARN_INT_CONVERSION = YES;
				CLANG_WARN_OBJC_ROOT_CLASS = YES_ERROR;
				CLANG_WARN_SUSPICIOUS_MOVE = YES;
				CLANG_WARN_SUSPICIOUS_MOVES = YES;
				CLANG_WARN_UNREACHABLE_CODE = YES;
				CLANG_WARN__DUPLICATE_METHOD_MATCH = YES;
				"CODE_SIGN_IDENTITY[sdk=iphoneos*]" = "iPhone Developer";
				COPY_PHASE_STRIP = NO;
				DEBUG_INFORMATION_FORMAT = dwarf;
				ENABLE_STRICT_OBJC_MSGSEND = YES;
				ENABLE_TESTABILITY = YES;
				GCC_C_LANGUAGE_STANDARD = gnu99;
				GCC_DYNAMIC_NO_PIC = NO;
				GCC_NO_COMMON_BLOCKS = YES;
				GCC_OPTIMIZATION_LEVEL = 0;
				GCC_PREPROCESSOR_DEFINITIONS = (
					"DEBUG=1",
					"$(inherited)",
				);
				GCC_WARN_64_TO_32_BIT_CONVERSION = YES;
				GCC_WARN_ABOUT_RETURN_TYPE = YES_ERROR;
				GCC_WARN_UNDECLARED_SELECTOR = YES;
				GCC_WARN_UNINITIALIZED_AUTOS = YES_AGGRESSIVE;
				GCC_WARN_UNUSED_FUNCTION = YES;
				GCC_WARN_UNUSED_VARIABLE = YES;
				IPHONEOS_DEPLOYMENT_TARGET = 10.0;
				MTL_ENABLE_DEBUG_INFO = YES;
				ONLY_ACTIVE_ARCH = YES;
				SDKROOT = iphoneos;
				SWIFT_ACTIVE_COMPILATION_CONDITIONS = DEBUG;
				SWIFT_OPTIMIZATION_LEVEL = "-Onone";
				TARGETED_DEVICE_FAMILY = "1,2";
			};
			name = Debug;
		};
		E43EA5311E8CA16C00E2F8C5 /* Release */ = {
			isa = XCBuildConfiguration;
			buildSettings = {
				ALWAYS_SEARCH_USER_PATHS = NO;
				CLANG_ANALYZER_NONNULL = YES;
				CLANG_CXX_LANGUAGE_STANDARD = "gnu++0x";
				CLANG_CXX_LIBRARY = "libc++";
				CLANG_ENABLE_MODULES = YES;
				CLANG_ENABLE_OBJC_ARC = YES;
				CLANG_WARN_BOOL_CONVERSION = YES;
				CLANG_WARN_CONSTANT_CONVERSION = YES;
				CLANG_WARN_DIRECT_OBJC_ISA_USAGE = YES_ERROR;
				CLANG_WARN_DOCUMENTATION_COMMENTS = YES;
				CLANG_WARN_EMPTY_BODY = YES;
				CLANG_WARN_ENUM_CONVERSION = YES;
				CLANG_WARN_INFINITE_RECURSION = YES;
				CLANG_WARN_INT_CONVERSION = YES;
				CLANG_WARN_OBJC_ROOT_CLASS = YES_ERROR;
				CLANG_WARN_SUSPICIOUS_MOVE = YES;
				CLANG_WARN_SUSPICIOUS_MOVES = YES;
				CLANG_WARN_UNREACHABLE_CODE = YES;
				CLANG_WARN__DUPLICATE_METHOD_MATCH = YES;
				"CODE_SIGN_IDENTITY[sdk=iphoneos*]" = "iPhone Developer";
				COPY_PHASE_STRIP = NO;
				DEBUG_INFORMATION_FORMAT = "dwarf-with-dsym";
				ENABLE_NS_ASSERTIONS = NO;
				ENABLE_STRICT_OBJC_MSGSEND = YES;
				GCC_C_LANGUAGE_STANDARD = gnu99;
				GCC_NO_COMMON_BLOCKS = YES;
				GCC_WARN_64_TO_32_BIT_CONVERSION = YES;
				GCC_WARN_ABOUT_RETURN_TYPE = YES_ERROR;
				GCC_WARN_UNDECLARED_SELECTOR = YES;
				GCC_WARN_UNINITIALIZED_AUTOS = YES_AGGRESSIVE;
				GCC_WARN_UNUSED_FUNCTION = YES;
				GCC_WARN_UNUSED_VARIABLE = YES;
				IPHONEOS_DEPLOYMENT_TARGET = 10.0;
				MTL_ENABLE_DEBUG_INFO = NO;
				SDKROOT = iphoneos;
				SWIFT_OPTIMIZATION_LEVEL = "-Owholemodule";
				TARGETED_DEVICE_FAMILY = "1,2";
				VALIDATE_PRODUCT = YES;
			};
			name = Release;
		};
		E43EA5331E8CA16C00E2F8C5 /* Debug */ = {
			isa = XCBuildConfiguration;
			baseConfigurationReference = 010B2DB67AB41FBE268ADA6F /* Pods-Tumblr.debug.xcconfig */;
			buildSettings = {
				ASSETCATALOG_COMPILER_APPICON_NAME = AppIcon;
				DEVELOPMENT_TEAM = 48HK3M9PGT;
				INFOPLIST_FILE = Tumblr/Info.plist;
				LD_RUNPATH_SEARCH_PATHS = "$(inherited) @executable_path/Frameworks";
				PRODUCT_BUNDLE_IDENTIFIER = nithyapari.Tumblr;
				PRODUCT_NAME = "$(TARGET_NAME)";
				SWIFT_VERSION = 3.0;
			};
			name = Debug;
		};
		E43EA5341E8CA16C00E2F8C5 /* Release */ = {
			isa = XCBuildConfiguration;
			baseConfigurationReference = BE8557B3F42EAEF0C34B4519 /* Pods-Tumblr.release.xcconfig */;
			buildSettings = {
				ASSETCATALOG_COMPILER_APPICON_NAME = AppIcon;
				DEVELOPMENT_TEAM = 48HK3M9PGT;
				INFOPLIST_FILE = Tumblr/Info.plist;
				LD_RUNPATH_SEARCH_PATHS = "$(inherited) @executable_path/Frameworks";
				PRODUCT_BUNDLE_IDENTIFIER = nithyapari.Tumblr;
				PRODUCT_NAME = "$(TARGET_NAME)";
				SWIFT_VERSION = 3.0;
			};
			name = Release;
		};
/* End XCBuildConfiguration section */

/* Begin XCConfigurationList section */
		E43EA51B1E8CA16C00E2F8C5 /* Build configuration list for PBXProject "Tumblr" */ = {
			isa = XCConfigurationList;
			buildConfigurations = (
				E43EA5301E8CA16C00E2F8C5 /* Debug */,
				E43EA5311E8CA16C00E2F8C5 /* Release */,
			);
			defaultConfigurationIsVisible = 0;
			defaultConfigurationName = Release;
		};
		E43EA5321E8CA16C00E2F8C5 /* Build configuration list for PBXNativeTarget "Tumblr" */ = {
			isa = XCConfigurationList;
			buildConfigurations = (
				E43EA5331E8CA16C00E2F8C5 /* Debug */,
				E43EA5341E8CA16C00E2F8C5 /* Release */,
			);
			defaultConfigurationIsVisible = 0;
			defaultConfigurationName = Release;
		};
/* End XCConfigurationList section */
	};
	rootObject = E43EA5181E8CA16C00E2F8C5 /* Project object */;
}
